
Microsoft Visual Studio Solution File, Format Version 12.00
# Visual Studio 15
VisualStudioVersion = 15.0.27428.2037
MinimumVisualStudioVersion = 10.0.40219.1
Project("{FAE04EC0-301F-11D3-BF4B-00C04F79EFBC}") = "FizzBuzz.Library", "FizzBuzz.Library\FizzBuzz.Library.csproj", "{5FA97784-C907-4702-92C4-A9EC125FFE9D}"
EndProject
Project("{FAE04EC0-301F-11D3-BF4B-00C04F79EFBC}") = "FizzBuzz.Library.Tests", "FizzBuzz.Library.Tests\FizzBuzz.Library.Tests.csproj", "{95C1D351-ADD8-4C4A-8410-DA09EEEAE0C4}"
EndProject
Project("{FAE04EC0-301F-11D3-BF4B-00C04F79EFBC}") = "FizzBuzz", "FizzBuzz\FizzBuzz.csproj", "{AC7003CB-4567-4ECE-83B6-819D3B4A6FB0}"
EndProject
Global
	GlobalSection(SolutionConfigurationPlatforms) = preSolution
		Debug|Any CPU = Debug|Any CPU
		Release|Any CPU = Release|Any CPU
	EndGlobalSection
	GlobalSection(ProjectConfigurationPlatforms) = postSolution
		{5FA97784-C907-4702-92C4-A9EC125FFE9D}.Debug|Any CPU.ActiveCfg = Debug|Any CPU
		{5FA97784-C907-4702-92C4-A9EC125FFE9D}.Debug|Any CPU.Build.0 = Debug|Any CPU
		{5FA97784-C907-4702-92C4-A9EC125FFE9D}.Release|Any CPU.ActiveCfg = Release|Any CPU
		{5FA97784-C907-4702-92C4-A9EC125FFE9D}.Release|Any CPU.Build.0 = Release|Any CPU
		{95C1D351-ADD8-4C4A-8410-DA09EEEAE0C4}.Debug|Any CPU.ActiveCfg = Debug|Any CPU
		{95C1D351-ADD8-4C4A-8410-DA09EEEAE0C4}.Debug|Any CPU.Build.0 = Debug|Any CPU
		{95C1D351-ADD8-4C4A-8410-DA09EEEAE0C4}.Release|Any CPU.ActiveCfg = Release|Any CPU
		{95C1D351-ADD8-4C4A-8410-DA09EEEAE0C4}.Release|Any CPU.Build.0 = Release|Any CPU
		{AC7003CB-4567-4ECE-83B6-819D3B4A6FB0}.Debug|Any CPU.ActiveCfg = Debug|Any CPU
		{AC7003CB-4567-4ECE-83B6-819D3B4A6FB0}.Debug|Any CPU.Build.0 = Debug|Any CPU
		{AC7003CB-4567-4ECE-83B6-819D3B4A6FB0}.Release|Any CPU.ActiveCfg = Release|Any CPU
		{AC7003CB-4567-4ECE-83B6-819D3B4A6FB0}.Release|Any CPU.Build.0 = Release|Any CPU
	EndGlobalSection
	GlobalSection(SolutionProperties) = preSolution
		HideSolutionNode = FALSE
	EndGlobalSection
	GlobalSection(ExtensibilityGlobals) = postSolution
		SolutionGuid = {88BF5496-A6D7-4B8E-A3C0-EA4D8578F47A}
	EndGlobalSection
EndGlobal
